{
    "version": 3,
    "terraform_version": "0.11.13",
    "serial": 5,
    "lineage": "6ad65695-2937-c19e-8d9e-5eb4fe26fb95",
    "modules": [
        {
            "path": [
                "root"
            ],
            "outputs": {},
            "resources": {
                "docker_container.container_id": {
                    "type": "docker_container",
                    "depends_on": [
                        "docker_image.image_id"
                    ],
                    "primary": {
                        "id": "239638188bae62796b00478ae4096a333d696e239d79a44513059f74531a9934",
                        "attributes": {
                            "attach": "false",
                            "bridge": "",
                            "gateway": "172.17.0.1",
                            "id": "239638188bae62796b00478ae4096a333d696e239d79a44513059f74531a9934",
                            "image": "sha256:ebaf3206b9da09b0999b9d2db7c84bb6f78586b7b9f8595d046b7eca571a07f5",
                            "ip_address": "172.17.0.2",
                            "ip_prefix_length": "16",
                            "log_driver": "json-file",
                            "logs": "false",
                            "must_run": "true",
                            "name": "ghost_blog",
                            "network_data.#": "1",
                            "network_data.0.gateway": "172.17.0.1",
                            "network_data.0.ip_address": "172.17.0.2",
                            "network_data.0.ip_prefix_length": "16",
                            "network_data.0.network_name": "bridge",
                            "ports.#": "1",
                            "ports.0.external": "80",
                            "ports.0.internal": "2368",
                            "ports.0.ip": "0.0.0.0",
                            "ports.0.protocol": "tcp",
                            "restart": "no",
                            "rm": "false",
                            "start": "true"
                        },
                        "meta": {
                            "schema_version": "1"
                        },
                        "tainted": false
                    },
                    "deposed": [],
                    "provider": "provider.docker"
                },
                "docker_image.image_id": {
                    "type": "docker_image",
                    "depends_on": [],
                    "primary": {
                        "id": "sha256:ebaf3206b9da09b0999b9d2db7c84bb6f78586b7b9f8595d046b7eca571a07f5ghost:latest",
                        "attributes": {
                            "id": "sha256:ebaf3206b9da09b0999b9d2db7c84bb6f78586b7b9f8595d046b7eca571a07f5ghost:latest",
                            "latest": "sha256:ebaf3206b9da09b0999b9d2db7c84bb6f78586b7b9f8595d046b7eca571a07f5",
                            "name": "ghost:latest"
                        },
                        "meta": {},
                        "tainted": false
                    },
                    "deposed": [],
                    "provider": "provider.docker"
                }
            },
            "depends_on": []
        }
    ]
}
