{
    "version": 3,
    "terraform_version": "0.11.13",
    "serial": 30,
    "lineage": "6ad65695-2937-c19e-8d9e-5eb4fe26fb95",
    "modules": [
        {
            "path": [
                "root"
            ],
            "outputs": {
                "container_name": {
                    "sensitive": false,
                    "type": "string",
                    "value": "blog_prod"
                },
                "ip_address": {
                    "sensitive": false,
                    "type": "string",
                    "value": "172.17.0.2"
                }
            },
            "resources": {
                "docker_container.container_id": {
                    "type": "docker_container",
                    "depends_on": [
                        "docker_image.image_id"
                    ],
                    "primary": {
                        "id": "9c0b2d1af16548ed3692504587c57f589c9ca6b69295ebfbc3cd6c37cc3d1110",
                        "attributes": {
                            "attach": "false",
                            "bridge": "",
                            "gateway": "172.17.0.1",
                            "id": "9c0b2d1af16548ed3692504587c57f589c9ca6b69295ebfbc3cd6c37cc3d1110",
                            "image": "sha256:c7a6f4480e859c172df8300640ce90f8fbafa5f10e3f78d7d5393533a7921581",
                            "ip_address": "172.17.0.2",
                            "ip_prefix_length": "16",
                            "log_driver": "json-file",
                            "logs": "false",
                            "must_run": "true",
                            "name": "blog_prod",
                            "network_data.#": "1",
                            "network_data.0.gateway": "172.17.0.1",
                            "network_data.0.ip_address": "172.17.0.2",
                            "network_data.0.ip_prefix_length": "16",
                            "network_data.0.network_name": "bridge",
                            "ports.#": "1",
                            "ports.0.external": "80",
                            "ports.0.internal": "2368",
                            "ports.0.ip": "0.0.0.0",
                            "ports.0.protocol": "tcp",
                            "restart": "no",
                            "rm": "false",
                            "start": "true"
                        },
                        "meta": {
                            "schema_version": "1"
                        },
                        "tainted": false
                    },
                    "deposed": [],
                    "provider": "provider.docker"
                },
                "docker_image.image_id": {
                    "type": "docker_image",
                    "depends_on": [],
                    "primary": {
                        "id": "sha256:c7a6f4480e859c172df8300640ce90f8fbafa5f10e3f78d7d5393533a7921581ghost:alpine",
                        "attributes": {
                            "id": "sha256:c7a6f4480e859c172df8300640ce90f8fbafa5f10e3f78d7d5393533a7921581ghost:alpine",
                            "latest": "sha256:c7a6f4480e859c172df8300640ce90f8fbafa5f10e3f78d7d5393533a7921581",
                            "name": "ghost:alpine"
                        },
                        "meta": {},
                        "tainted": false
                    },
                    "deposed": [],
                    "provider": "provider.docker"
                }
            },
            "depends_on": []
        }
    ]
}
